
Microsoft Visual Studio Solution File, Format Version 12.00
# Visual Studio Version 16
VisualStudioVersion = 16.0.31321.278
MinimumVisualStudioVersion = 10.0.40219.1
Project("{FAE04EC0-301F-11D3-BF4B-00C04F79EFBC}") = "Notepad", "Notepad.csproj", "{66DD8C0D-E27B-48F0-A4F5-8DB38E16A799}"
EndProject
Global
	GlobalSection(SolutionConfigurationPlatforms) = preSolution
		Debug|Any CPU = Debug|Any CPU
		Release|Any CPU = Release|Any CPU
	EndGlobalSection
	GlobalSection(ProjectConfigurationPlatforms) = postSolution
		{66DD8C0D-E27B-48F0-A4F5-8DB38E16A799}.Debug|Any CPU.ActiveCfg = Debug|Any CPU
		{66DD8C0D-E27B-48F0-A4F5-8DB38E16A799}.Debug|Any CPU.Build.0 = Debug|Any CPU
		{66DD8C0D-E27B-48F0-A4F5-8DB38E16A799}.Release|Any CPU.ActiveCfg = Release|Any CPU
		{66DD8C0D-E27B-48F0-A4F5-8DB38E16A799}.Release|Any CPU.Build.0 = Release|Any CPU
	EndGlobalSection
	GlobalSection(SolutionProperties) = preSolution
		HideSolutionNode = FALSE
	EndGlobalSection
	GlobalSection(ExtensibilityGlobals) = postSolution
		SolutionGuid = {10323A16-8FCF-47D7-AC96-4513C81B1164}
	EndGlobalSection
EndGlobal
